
Microsoft Visual Studio Solution File, Format Version 12.00
# Visual Studio 15
VisualStudioVersion = 15.0.28307.271
MinimumVisualStudioVersion = 10.0.40219.1
Project("{FAE04EC0-301F-11D3-BF4B-00C04F79EFBC}") = "Apply_Job", "Apply_Job\Apply_Job.csproj", "{5340EF7A-2A68-4AA1-974C-A615D4D7FFD4}"
EndProject
Project("{FAE04EC0-301F-11D3-BF4B-00C04F79EFBC}") = "Get_device_jobqueue", "Get_device_jobqueue\Get_device_jobqueue.csproj", "{3CFFFA1C-44FC-4021-A920-75F42C99AEA5}"
EndProject
Project("{FAE04EC0-301F-11D3-BF4B-00C04F79EFBC}") = "Reapply_pending_job", "Reapply_pending_job\Reapply_pending_job.csproj", "{296ABEEB-EF1E-4A0F-82C2-87C1BA15255D}"
EndProject
Project("{FAE04EC0-301F-11D3-BF4B-00C04F79EFBC}") = "Reboot_device", "Reboot_device\Reboot_device.csproj", "{41651642-2E46-4C44-9B81-FAB8C4B853FE}"
EndProject
Project("{FAE04EC0-301F-11D3-BF4B-00C04F79EFBC}") = "Refresh_device_apps", "Refresh_device_apps\Refresh_device_apps.csproj", "{BA158A19-A8DE-437C-964B-5AA9B44EA925}"
EndProject
Project("{FAE04EC0-301F-11D3-BF4B-00C04F79EFBC}") = "Refresh_device_info", "Refresh_device_info\Refresh_device_info.csproj", "{064949B2-D754-4CDE-A946-956931B2C00C}"
EndProject
Project("{FAE04EC0-301F-11D3-BF4B-00C04F79EFBC}") = "Uninstall_app", "Uninstall_app\Uninstall_app.csproj", "{AF890C71-8182-47A3-BFDF-430D5A6310AB}"
EndProject
Project("{FAE04EC0-301F-11D3-BF4B-00C04F79EFBC}") = "Remote_support", "Remote_support\Remote_support.csproj", "{4C057F08-0A58-44C7-9216-D234E46898C0}"
EndProject
Project("{FAE04EC0-301F-11D3-BF4B-00C04F79EFBC}") = "Get_QRCode", "Get_QRCode\Get_QRCode.csproj", "{C18F6C18-EACB-43A5-A78A-1C31759BE3D3}"
EndProject
Global
	GlobalSection(SolutionConfigurationPlatforms) = preSolution
		Debug|Any CPU = Debug|Any CPU
		Release|Any CPU = Release|Any CPU
	EndGlobalSection
	GlobalSection(ProjectConfigurationPlatforms) = postSolution
		{5340EF7A-2A68-4AA1-974C-A615D4D7FFD4}.Debug|Any CPU.ActiveCfg = Debug|Any CPU
		{5340EF7A-2A68-4AA1-974C-A615D4D7FFD4}.Debug|Any CPU.Build.0 = Debug|Any CPU
		{5340EF7A-2A68-4AA1-974C-A615D4D7FFD4}.Release|Any CPU.ActiveCfg = Release|Any CPU
		{5340EF7A-2A68-4AA1-974C-A615D4D7FFD4}.Release|Any CPU.Build.0 = Release|Any CPU
		{3CFFFA1C-44FC-4021-A920-75F42C99AEA5}.Debug|Any CPU.ActiveCfg = Debug|Any CPU
		{3CFFFA1C-44FC-4021-A920-75F42C99AEA5}.Debug|Any CPU.Build.0 = Debug|Any CPU
		{3CFFFA1C-44FC-4021-A920-75F42C99AEA5}.Release|Any CPU.ActiveCfg = Release|Any CPU
		{3CFFFA1C-44FC-4021-A920-75F42C99AEA5}.Release|Any CPU.Build.0 = Release|Any CPU
		{296ABEEB-EF1E-4A0F-82C2-87C1BA15255D}.Debug|Any CPU.ActiveCfg = Debug|Any CPU
		{296ABEEB-EF1E-4A0F-82C2-87C1BA15255D}.Debug|Any CPU.Build.0 = Debug|Any CPU
		{296ABEEB-EF1E-4A0F-82C2-87C1BA15255D}.Release|Any CPU.ActiveCfg = Release|Any CPU
		{296ABEEB-EF1E-4A0F-82C2-87C1BA15255D}.Release|Any CPU.Build.0 = Release|Any CPU
		{41651642-2E46-4C44-9B81-FAB8C4B853FE}.Debug|Any CPU.ActiveCfg = Debug|Any CPU
		{41651642-2E46-4C44-9B81-FAB8C4B853FE}.Debug|Any CPU.Build.0 = Debug|Any CPU
		{41651642-2E46-4C44-9B81-FAB8C4B853FE}.Release|Any CPU.ActiveCfg = Release|Any CPU
		{41651642-2E46-4C44-9B81-FAB8C4B853FE}.Release|Any CPU.Build.0 = Release|Any CPU
		{BA158A19-A8DE-437C-964B-5AA9B44EA925}.Debug|Any CPU.ActiveCfg = Debug|Any CPU
		{BA158A19-A8DE-437C-964B-5AA9B44EA925}.Debug|Any CPU.Build.0 = Debug|Any CPU
		{BA158A19-A8DE-437C-964B-5AA9B44EA925}.Release|Any CPU.ActiveCfg = Release|Any CPU
		{BA158A19-A8DE-437C-964B-5AA9B44EA925}.Release|Any CPU.Build.0 = Release|Any CPU
		{064949B2-D754-4CDE-A946-956931B2C00C}.Debug|Any CPU.ActiveCfg = Debug|Any CPU
		{064949B2-D754-4CDE-A946-956931B2C00C}.Debug|Any CPU.Build.0 = Debug|Any CPU
		{064949B2-D754-4CDE-A946-956931B2C00C}.Release|Any CPU.ActiveCfg = Release|Any CPU
		{064949B2-D754-4CDE-A946-956931B2C00C}.Release|Any CPU.Build.0 = Release|Any CPU
		{AF890C71-8182-47A3-BFDF-430D5A6310AB}.Debug|Any CPU.ActiveCfg = Debug|Any CPU
		{AF890C71-8182-47A3-BFDF-430D5A6310AB}.Debug|Any CPU.Build.0 = Debug|Any CPU
		{AF890C71-8182-47A3-BFDF-430D5A6310AB}.Release|Any CPU.ActiveCfg = Release|Any CPU
		{AF890C71-8182-47A3-BFDF-430D5A6310AB}.Release|Any CPU.Build.0 = Release|Any CPU
		{4C057F08-0A58-44C7-9216-D234E46898C0}.Debug|Any CPU.ActiveCfg = Debug|Any CPU
		{4C057F08-0A58-44C7-9216-D234E46898C0}.Debug|Any CPU.Build.0 = Debug|Any CPU
		{4C057F08-0A58-44C7-9216-D234E46898C0}.Release|Any CPU.ActiveCfg = Release|Any CPU
		{4C057F08-0A58-44C7-9216-D234E46898C0}.Release|Any CPU.Build.0 = Release|Any CPU
		{C18F6C18-EACB-43A5-A78A-1C31759BE3D3}.Debug|Any CPU.ActiveCfg = Debug|Any CPU
		{C18F6C18-EACB-43A5-A78A-1C31759BE3D3}.Debug|Any CPU.Build.0 = Debug|Any CPU
		{C18F6C18-EACB-43A5-A78A-1C31759BE3D3}.Release|Any CPU.ActiveCfg = Release|Any CPU
		{C18F6C18-EACB-43A5-A78A-1C31759BE3D3}.Release|Any CPU.Build.0 = Release|Any CPU
	EndGlobalSection
	GlobalSection(SolutionProperties) = preSolution
		HideSolutionNode = FALSE
	EndGlobalSection
	GlobalSection(ExtensibilityGlobals) = postSolution
		SolutionGuid = {C7FAEE53-7717-412B-B395-3CBF66E391D8}
	EndGlobalSection
EndGlobal
